{
    "name": "tsukihime-bloodymoon-color-theme",
    "version": "0.1.0",
    "lockfileVersion": 2,
    "requires": true,
    "packages": {
        "": {
            "name": "tsukihime-bloodymoon-color-theme",
            "version": "0.1.0",
            "license": "MIT",
            "engines": {
                "vscode": "^1.77.0"
            }
        }
    }
}
